// !$*UTF8*$!
{
	archiveVersion = 1;
	classes = {
	};
	objectVersion = 46;
	objects = {

/* Begin PBXBuildFile section */
		2D4DCAB7778749DC68CEEDD8 /* libPods-Demo.a in Frameworks */ = {isa = PBXBuildFile; fileRef = F00103EBEFFEB57B8765FB82 /* libPods-Demo.a */; };
		C8C8AB391DB3BDDC00DE6C32 /* main.m in Sources */ = {isa = PBXBuildFile; fileRef = C8C8AB381DB3BDDC00DE6C32 /* main.m */; };
		C8C8AB3C1DB3BDDC00DE6C32 /* AppDelegate.m in Sources */ = {isa = PBXBuildFile; fileRef = C8C8AB3B1DB3BDDC00DE6C32 /* AppDelegate.m */; };
		C8C8AB3F1DB3BDDC00DE6C32 /* ViewController.m in Sources */ = {isa = PBXBuildFile; fileRef = C8C8AB3E1DB3BDDC00DE6C32 /* ViewController.m */; };
		C8C8AB421DB3BDDC00DE6C32 /* Main.storyboard in Resources */ = {isa = PBXBuildFile; fileRef = C8C8AB401DB3BDDC00DE6C32 /* Main.storyboard */; };
		C8C8AB441DB3BDDC00DE6C32 /* Assets.xcassets in Resources */ = {isa = PBXBuildFile; fileRef = C8C8AB431DB3BDDC00DE6C32 /* Assets.xcassets */; };
		C8C8AB471DB3BDDC00DE6C32 /* LaunchScreen.storyboard in Resources */ = {isa = PBXBuildFile; fileRef = C8C8AB451DB3BDDC00DE6C32 /* LaunchScreen.storyboard */; };
		C8C8AB4F1DB3BE0200DE6C32 /* HomeData.plist in Resources */ = {isa = PBXBuildFile; fileRef = C8C8AB4E1DB3BE0200DE6C32 /* HomeData.plist */; };
		C8C8AB541DB3C03700DE6C32 /* SpeechRecognitionController.m in Sources */ = {isa = PBXBuildFile; fileRef = C8C8AB521DB3C03700DE6C32 /* SpeechRecognitionController.m */; };
		C8C8AB551DB3C03700DE6C32 /* SpeechRecognitionController.xib in Resources */ = {isa = PBXBuildFile; fileRef = C8C8AB531DB3C03700DE6C32 /* SpeechRecognitionController.xib */; };
		C8C8AB581DB3C0DB00DE6C32 /* UIView+Inspectable.m in Sources */ = {isa = PBXBuildFile; fileRef = C8C8AB571DB3C0DB00DE6C32 /* UIView+Inspectable.m */; };
		C8C8AB5B1DB3D6CB00DE6C32 /* VoiceRecordView.m in Sources */ = {isa = PBXBuildFile; fileRef = C8C8AB5A1DB3D6CB00DE6C32 /* VoiceRecordView.m */; };
		C8C8AB5E1DB45EEE00DE6C32 /* AudioTool.m in Sources */ = {isa = PBXBuildFile; fileRef = C8C8AB5D1DB45EEE00DE6C32 /* AudioTool.m */; };
		C8C8AB961DB4687100DE6C32 /* ARRefreshControl.m in Sources */ = {isa = PBXBuildFile; fileRef = C8C8AB621DB4687000DE6C32 /* ARRefreshControl.m */; };
		C8C8AB971DB4687100DE6C32 /* loading0@2x.png in Resources */ = {isa = PBXBuildFile; fileRef = C8C8AB641DB4687000DE6C32 /* loading0@2x.png */; };
		C8C8AB981DB4687100DE6C32 /* loading0@3x.png in Resources */ = {isa = PBXBuildFile; fileRef = C8C8AB651DB4687000DE6C32 /* loading0@3x.png */; };
		C8C8AB991DB4687100DE6C32 /* loading10@2x.png in Resources */ = {isa = PBXBuildFile; fileRef = C8C8AB661DB4687000DE6C32 /* loading10@2x.png */; };
		C8C8AB9A1DB4687100DE6C32 /* loading10@3x.png in Resources */ = {isa = PBXBuildFile; fileRef = C8C8AB671DB4687000DE6C32 /* loading10@3x.png */; };
		C8C8AB9B1DB4687100DE6C32 /* loading11@2x.png in Resources */ = {isa = PBXBuildFile; fileRef = C8C8AB681DB4687000DE6C32 /* loading11@2x.png */; };
		C8C8AB9C1DB4687100DE6C32 /* loading11@3x.png in Resources */ = {isa = PBXBuildFile; fileRef = C8C8AB691DB4687000DE6C32 /* loading11@3x.png */; };
		C8C8AB9D1DB4687100DE6C32 /* loading12@2x.png in Resources */ = {isa = PBXBuildFile; fileRef = C8C8AB6A1DB4687000DE6C32 /* loading12@2x.png */; };
		C8C8AB9E1DB4687100DE6C32 /* loading12@3x.png in Resources */ = {isa = PBXBuildFile; fileRef = C8C8AB6B1DB4687000DE6C32 /* loading12@3x.png */; };
		C8C8AB9F1DB4687100DE6C32 /* loading13@2x.png in Resources */ = {isa = PBXBuildFile; fileRef = C8C8AB6C1DB4687000DE6C32 /* loading13@2x.png */; };
		C8C8ABA01DB4687100DE6C32 /* loading13@3x.png in Resources */ = {isa = PBXBuildFile; fileRef = C8C8AB6D1DB4687000DE6C32 /* loading13@3x.png */; };
		C8C8ABA11DB4687100DE6C32 /* loading14@2x.png in Resources */ = {isa = PBXBuildFile; fileRef = C8C8AB6E1DB4687000DE6C32 /* loading14@2x.png */; };
		C8C8ABA21DB4687100DE6C32 /* loading14@3x.png in Resources */ = {isa = PBXBuildFile; fileRef = C8C8AB6F1DB4687000DE6C32 /* loading14@3x.png */; };
		C8C8ABA31DB4687100DE6C32 /* loading15@2x.png in Resources */ = {isa = PBXBuildFile; fileRef = C8C8AB701DB4687000DE6C32 /* loading15@2x.png */; };
		C8C8ABA41DB4687100DE6C32 /* loading15@3x.png in Resources */ = {isa = PBXBuildFile; fileRef = C8C8AB711DB4687000DE6C32 /* loading15@3x.png */; };
		C8C8ABA51DB4687100DE6C32 /* loading16@2x.png in Resources */ = {isa = PBXBuildFile; fileRef = C8C8AB721DB4687000DE6C32 /* loading16@2x.png */; };
		C8C8ABA61DB4687100DE6C32 /* loading16@3x.png in Resources */ = {isa = PBXBuildFile; fileRef = C8C8AB731DB4687100DE6C32 /* loading16@3x.png */; };
		C8C8ABA71DB4687100DE6C32 /* loading17@2x.png in Resources */ = {isa = PBXBuildFile; fileRef = C8C8AB741DB4687100DE6C32 /* loading17@2x.png */; };
		C8C8ABA81DB4687100DE6C32 /* loading17@3x.png in Resources */ = {isa = PBXBuildFile; fileRef = C8C8AB751DB4687100DE6C32 /* loading17@3x.png */; };
		C8C8ABA91DB4687100DE6C32 /* loading18@2x.png in Resources */ = {isa = PBXBuildFile; fileRef = C8C8AB761DB4687100DE6C32 /* loading18@2x.png */; };
		C8C8ABAA1DB4687100DE6C32 /* loading18@3x.png in Resources */ = {isa = PBXBuildFile; fileRef = C8C8AB771DB4687100DE6C32 /* loading18@3x.png */; };
		C8C8ABAB1DB4687100DE6C32 /* loading19@2x.png in Resources */ = {isa = PBXBuildFile; fileRef = C8C8AB781DB4687100DE6C32 /* loading19@2x.png */; };
		C8C8ABAC1DB4687100DE6C32 /* loading19@3x.png in Resources */ = {isa = PBXBuildFile; fileRef = C8C8AB791DB4687100DE6C32 /* loading19@3x.png */; };
		C8C8ABAD1DB4687100DE6C32 /* loading1@2x.png in Resources */ = {isa = PBXBuildFile; fileRef = C8C8AB7A1DB4687100DE6C32 /* loading1@2x.png */; };
		C8C8ABAE1DB4687100DE6C32 /* loading1@3x.png in Resources */ = {isa = PBXBuildFile; fileRef = C8C8AB7B1DB4687100DE6C32 /* loading1@3x.png */; };
		C8C8ABAF1DB4687100DE6C32 /* loading20@2x.png in Resources */ = {isa = PBXBuildFile; fileRef = C8C8AB7C1DB4687100DE6C32 /* loading20@2x.png */; };
		C8C8ABB01DB4687100DE6C32 /* loading20@3x.png in Resources */ = {isa = PBXBuildFile; fileRef = C8C8AB7D1DB4687100DE6C32 /* loading20@3x.png */; };
		C8C8ABB11DB4687100DE6C32 /* loading21@2x.png in Resources */ = {isa = PBXBuildFile; fileRef = C8C8AB7E1DB4687100DE6C32 /* loading21@2x.png */; };
		C8C8ABB21DB4687100DE6C32 /* loading21@3x.png in Resources */ = {isa = PBXBuildFile; fileRef = C8C8AB7F1DB4687100DE6C32 /* loading21@3x.png */; };
		C8C8ABB31DB4687100DE6C32 /* loading22@2x.png in Resources */ = {isa = PBXBuildFile; fileRef = C8C8AB801DB4687100DE6C32 /* loading22@2x.png */; };
		C8C8ABB41DB4687100DE6C32 /* loading22@3x.png in Resources */ = {isa = PBXBuildFile; fileRef = C8C8AB811DB4687100DE6C32 /* loading22@3x.png */; };
		C8C8ABB51DB4687100DE6C32 /* loading2@2x.png in Resources */ = {isa = PBXBuildFile; fileRef = C8C8AB821DB4687100DE6C32 /* loading2@2x.png */; };
		C8C8ABB61DB4687100DE6C32 /* loading2@3x.png in Resources */ = {isa = PBXBuildFile; fileRef = C8C8AB831DB4687100DE6C32 /* loading2@3x.png */; };
		C8C8ABB71DB4687100DE6C32 /* loading3@2x.png in Resources */ = {isa = PBXBuildFile; fileRef = C8C8AB841DB4687100DE6C32 /* loading3@2x.png */; };
		C8C8ABB81DB4687100DE6C32 /* loading3@3x.png in Resources */ = {isa = PBXBuildFile; fileRef = C8C8AB851DB4687100DE6C32 /* loading3@3x.png */; };
		C8C8ABB91DB4687100DE6C32 /* loading4@2x.png in Resources */ = {isa = PBXBuildFile; fileRef = C8C8AB861DB4687100DE6C32 /* loading4@2x.png */; };
		C8C8ABBA1DB4687100DE6C32 /* loading4@3x.png in Resources */ = {isa = PBXBuildFile; fileRef = C8C8AB871DB4687100DE6C32 /* loading4@3x.png */; };
		C8C8ABBB1DB4687100DE6C32 /* loading5@2x.png in Resources */ = {isa = PBXBuildFile; fileRef = C8C8AB881DB4687100DE6C32 /* loading5@2x.png */; };
		C8C8ABBC1DB4687100DE6C32 /* loading5@3x.png in Resources */ = {isa = PBXBuildFile; fileRef = C8C8AB891DB4687100DE6C32 /* loading5@3x.png */; };
		C8C8ABBD1DB4687100DE6C32 /* loading6@2x.png in Resources */ = {isa = PBXBuildFile; fileRef = C8C8AB8A1DB4687100DE6C32 /* loading6@2x.png */; };
		C8C8ABBE1DB4687100DE6C32 /* loading6@3x.png in Resources */ = {isa = PBXBuildFile; fileRef = C8C8AB8B1DB4687100DE6C32 /* loading6@3x.png */; };
		C8C8ABBF1DB4687100DE6C32 /* loading7@2x.png in Resources */ = {isa = PBXBuildFile; fileRef = C8C8AB8C1DB4687100DE6C32 /* loading7@2x.png */; };
		C8C8ABC01DB4687100DE6C32 /* loading7@3x.png in Resources */ = {isa = PBXBuildFile; fileRef = C8C8AB8D1DB4687100DE6C32 /* loading7@3x.png */; };
		C8C8ABC11DB4687100DE6C32 /* loading8@2x.png in Resources */ = {isa = PBXBuildFile; fileRef = C8C8AB8E1DB4687100DE6C32 /* loading8@2x.png */; };
		C8C8ABC21DB4687100DE6C32 /* loading8@3x.png in Resources */ = {isa = PBXBuildFile; fileRef = C8C8AB8F1DB4687100DE6C32 /* loading8@3x.png */; };
		C8C8ABC31DB4687100DE6C32 /* loading9@2x.png in Resources */ = {isa = PBXBuildFile; fileRef = C8C8AB901DB4687100DE6C32 /* loading9@2x.png */; };
		C8C8ABC41DB4687100DE6C32 /* loading9@3x.png in Resources */ = {isa = PBXBuildFile; fileRef = C8C8AB911DB4687100DE6C32 /* loading9@3x.png */; };
		C8C8ABC51DB4687100DE6C32 /* NSObject+Formula.m in Sources */ = {isa = PBXBuildFile; fileRef = C8C8AB931DB4687100DE6C32 /* NSObject+Formula.m */; };
		C8C8ABC61DB4687100DE6C32 /* UIImage+loadImage.m in Sources */ = {isa = PBXBuildFile; fileRef = C8C8AB951DB4687100DE6C32 /* UIImage+loadImage.m */; };
		C8C8ABC91DB4689D00DE6C32 /* RefreshViewController.m in Sources */ = {isa = PBXBuildFile; fileRef = C8C8ABC81DB4689D00DE6C32 /* RefreshViewController.m */; };
		C8C8ABD21DB475E800DE6C32 /* CoverFlowLayout.m in Sources */ = {isa = PBXBuildFile; fileRef = C8C8ABCC1DB475E800DE6C32 /* CoverFlowLayout.m */; };
		C8C8ABD31DB475E800DE6C32 /* CoverFlowView.m in Sources */ = {isa = PBXBuildFile; fileRef = C8C8ABCE1DB475E800DE6C32 /* CoverFlowView.m */; };
		C8C8ABD41DB475E800DE6C32 /* CoverFlowViewCell.m in Sources */ = {isa = PBXBuildFile; fileRef = C8C8ABD01DB475E800DE6C32 /* CoverFlowViewCell.m */; };
		C8C8ABD51DB475E800DE6C32 /* CoverFlowViewCell.xib in Resources */ = {isa = PBXBuildFile; fileRef = C8C8ABD11DB475E800DE6C32 /* CoverFlowViewCell.xib */; };
		C8C8ABD81DB4766100DE6C32 /* CommentCoverflowViewController.m in Sources */ = {isa = PBXBuildFile; fileRef = C8C8ABD71DB4766100DE6C32 /* CommentCoverflowViewController.m */; };
		C8C8ABE31DB4787500DE6C32 /* ARBannerView.m in Sources */ = {isa = PBXBuildFile; fileRef = C8C8ABDC1DB4787500DE6C32 /* ARBannerView.m */; };
		C8C8ABE41DB4787500DE6C32 /* bannerPic01.jpg in Resources */ = {isa = PBXBuildFile; fileRef = C8C8ABDE1DB4787500DE6C32 /* bannerPic01.jpg */; };
		C8C8ABE51DB4787500DE6C32 /* bannerPic02.jpg in Resources */ = {isa = PBXBuildFile; fileRef = C8C8ABDF1DB4787500DE6C32 /* bannerPic02.jpg */; };
		C8C8ABE61DB4787500DE6C32 /* bannerPic03.jpg in Resources */ = {isa = PBXBuildFile; fileRef = C8C8ABE01DB4787500DE6C32 /* bannerPic03.jpg */; };
		C8C8ABE71DB4787500DE6C32 /* bannerPic04.jpg in Resources */ = {isa = PBXBuildFile; fileRef = C8C8ABE11DB4787500DE6C32 /* bannerPic04.jpg */; };
		C8C8ABE81DB4787500DE6C32 /* bannerPic05.jpg in Resources */ = {isa = PBXBuildFile; fileRef = C8C8ABE21DB4787500DE6C32 /* bannerPic05.jpg */; };
		C8C8ABEB1DB4789500DE6C32 /* BannerViewController.m in Sources */ = {isa = PBXBuildFile; fileRef = C8C8ABEA1DB4789500DE6C32 /* BannerViewController.m */; };
/* End PBXBuildFile section */

/* Begin PBXFileReference section */
		A1F97FE35DD0DAE271635D2B /* Pods-Demo.release.xcconfig */ = {isa = PBXFileReference; includeInIndex = 1; lastKnownFileType = text.xcconfig; name = "Pods-Demo.release.xcconfig"; path = "Pods/Target Support Files/Pods-Demo/Pods-Demo.release.xcconfig"; sourceTree = "<group>"; };
		C8C8AB341DB3BDDC00DE6C32 /* Demo.app */ = {isa = PBXFileReference; explicitFileType = wrapper.application; includeInIndex = 0; path = Demo.app; sourceTree = BUILT_PRODUCTS_DIR; };
		C8C8AB381DB3BDDC00DE6C32 /* main.m */ = {isa = PBXFileReference; lastKnownFileType = sourcecode.c.objc; path = main.m; sourceTree = "<group>"; };
		C8C8AB3A1DB3BDDC00DE6C32 /* AppDelegate.h */ = {isa = PBXFileReference; lastKnownFileType = sourcecode.c.h; path = AppDelegate.h; sourceTree = "<group>"; };
		C8C8AB3B1DB3BDDC00DE6C32 /* AppDelegate.m */ = {isa = PBXFileReference; lastKnownFileType = sourcecode.c.objc; path = AppDelegate.m; sourceTree = "<group>"; };
		C8C8AB3D1DB3BDDC00DE6C32 /* ViewController.h */ = {isa = PBXFileReference; lastKnownFileType = sourcecode.c.h; path = ViewController.h; sourceTree = "<group>"; };
		C8C8AB3E1DB3BDDC00DE6C32 /* ViewController.m */ = {isa = PBXFileReference; lastKnownFileType = sourcecode.c.objc; path = ViewController.m; sourceTree = "<group>"; };
		C8C8AB411DB3BDDC00DE6C32 /* Base */ = {isa = PBXFileReference; lastKnownFileType = file.storyboard; name = Base; path = Base.lproj/Main.storyboard; sourceTree = "<group>"; };
		C8C8AB431DB3BDDC00DE6C32 /* Assets.xcassets */ = {isa = PBXFileReference; lastKnownFileType = folder.assetcatalog; path = Assets.xcassets; sourceTree = "<group>"; };
		C8C8AB461DB3BDDC00DE6C32 /* Base */ = {isa = PBXFileReference; lastKnownFileType = file.storyboard; name = Base; path = Base.lproj/LaunchScreen.storyboard; sourceTree = "<group>"; };
		C8C8AB481DB3BDDC00DE6C32 /* Info.plist */ = {isa = PBXFileReference; lastKnownFileType = text.plist.xml; path = Info.plist; sourceTree = "<group>"; };
		C8C8AB4E1DB3BE0200DE6C32 /* HomeData.plist */ = {isa = PBXFileReference; fileEncoding = 4; lastKnownFileType = text.plist.xml; path = HomeData.plist; sourceTree = "<group>"; };
		C8C8AB511DB3C03700DE6C32 /* SpeechRecognitionController.h */ = {isa = PBXFileReference; fileEncoding = 4; lastKnownFileType = sourcecode.c.h; path = SpeechRecognitionController.h; sourceTree = "<group>"; };
		C8C8AB521DB3C03700DE6C32 /* SpeechRecognitionController.m */ = {isa = PBXFileReference; fileEncoding = 4; lastKnownFileType = sourcecode.c.objc; path = SpeechRecognitionController.m; sourceTree = "<group>"; };
		C8C8AB531DB3C03700DE6C32 /* SpeechRecognitionController.xib */ = {isa = PBXFileReference; fileEncoding = 4; lastKnownFileType = file.xib; path = SpeechRecognitionController.xib; sourceTree = "<group>"; };
		C8C8AB561DB3C0DB00DE6C32 /* UIView+Inspectable.h */ = {isa = PBXFileReference; fileEncoding = 4; lastKnownFileType = sourcecode.c.h; path = "UIView+Inspectable.h"; sourceTree = "<group>"; };
		C8C8AB571DB3C0DB00DE6C32 /* UIView+Inspectable.m */ = {isa = PBXFileReference; fileEncoding = 4; lastKnownFileType = sourcecode.c.objc; path = "UIView+Inspectable.m"; sourceTree = "<group>"; };
		C8C8AB591DB3D6CB00DE6C32 /* VoiceRecordView.h */ = {isa = PBXFileReference; fileEncoding = 4; lastKnownFileType = sourcecode.c.h; path = VoiceRecordView.h; sourceTree = "<group>"; };
		C8C8AB5A1DB3D6CB00DE6C32 /* VoiceRecordView.m */ = {isa = PBXFileReference; fileEncoding = 4; lastKnownFileType = sourcecode.c.objc; path = VoiceRecordView.m; sourceTree = "<group>"; };
		C8C8AB5C1DB45EEE00DE6C32 /* AudioTool.h */ = {isa = PBXFileReference; fileEncoding = 4; lastKnownFileType = sourcecode.c.h; path = AudioTool.h; sourceTree = "<group>"; };
		C8C8AB5D1DB45EEE00DE6C32 /* AudioTool.m */ = {isa = PBXFileReference; fileEncoding = 4; lastKnownFileType = sourcecode.c.objc; path = AudioTool.m; sourceTree = "<group>"; };
		C8C8AB611DB4687000DE6C32 /* ARRefreshControl.h */ = {isa = PBXFileReference; fileEncoding = 4; lastKnownFileType = sourcecode.c.h; path = ARRefreshControl.h; sourceTree = "<group>"; };
		C8C8AB621DB4687000DE6C32 /* ARRefreshControl.m */ = {isa = PBXFileReference; fileEncoding = 4; lastKnownFileType = sourcecode.c.objc; path = ARRefreshControl.m; sourceTree = "<group>"; };
		C8C8AB641DB4687000DE6C32 /* loading0@2x.png */ = {isa = PBXFileReference; lastKnownFileType = image.png; path = "loading0@2x.png"; sourceTree = "<group>"; };
		C8C8AB651DB4687000DE6C32 /* loading0@3x.png */ = {isa = PBXFileReference; lastKnownFileType = image.png; path = "loading0@3x.png"; sourceTree = "<group>"; };
		C8C8AB661DB4687000DE6C32 /* loading10@2x.png */ = {isa = PBXFileReference; lastKnownFileType = image.png; path = "loading10@2x.png"; sourceTree = "<group>"; };
		C8C8AB671DB4687000DE6C32 /* loading10@3x.png */ = {isa = PBXFileReference; lastKnownFileType = image.png; path = "loading10@3x.png"; sourceTree = "<group>"; };
		C8C8AB681DB4687000DE6C32 /* loading11@2x.png */ = {isa = PBXFileReference; lastKnownFileType = image.png; path = "loading11@2x.png"; sourceTree = "<group>"; };
		C8C8AB691DB4687000DE6C32 /* loading11@3x.png */ = {isa = PBXFileReference; lastKnownFileType = image.png; path = "loading11@3x.png"; sourceTree = "<group>"; };
		C8C8AB6A1DB4687000DE6C32 /* loading12@2x.png */ = {isa = PBXFileReference; lastKnownFileType = image.png; path = "loading12@2x.png"; sourceTree = "<group>"; };
		C8C8AB6B1DB4687000DE6C32 /* loading12@3x.png */ = {isa = PBXFileReference; lastKnownFileType = image.png; path = "loading12@3x.png"; sourceTree = "<group>"; };
		C8C8AB6C1DB4687000DE6C32 /* loading13@2x.png */ = {isa = PBXFileReference; lastKnownFileType = image.png; path = "loading13@2x.png"; sourceTree = "<group>"; };
		C8C8AB6D1DB4687000DE6C32 /* loading13@3x.png */ = {isa = PBXFileReference; lastKnownFileType = image.png; path = "loading13@3x.png"; sourceTree = "<group>"; };
		C8C8AB6E1DB4687000DE6C32 /* loading14@2x.png */ = {isa = PBXFileReference; lastKnownFileType = image.png; path = "loading14@2x.png"; sourceTree = "<group>"; };
		C8C8AB6F1DB4687000DE6C32 /* loading14@3x.png */ = {isa = PBXFileReference; lastKnownFileType = image.png; path = "loading14@3x.png"; sourceTree = "<group>"; };
		C8C8AB701DB4687000DE6C32 /* loading15@2x.png */ = {isa = PBXFileReference; lastKnownFileType = image.png; path = "loading15@2x.png"; sourceTree = "<group>"; };
		C8C8AB711DB4687000DE6C32 /* loading15@3x.png */ = {isa = PBXFileReference; lastKnownFileType = image.png; path = "loading15@3x.png"; sourceTree = "<group>"; };
		C8C8AB721DB4687000DE6C32 /* loading16@2x.png */ = {isa = PBXFileReference; lastKnownFileType = image.png; path = "loading16@2x.png"; sourceTree = "<group>"; };
		C8C8AB731DB4687100DE6C32 /* loading16@3x.png */ = {isa = PBXFileReference; lastKnownFileType = image.png; path = "loading16@3x.png"; sourceTree = "<group>"; };
		C8C8AB741DB4687100DE6C32 /* loading17@2x.png */ = {isa = PBXFileReference; lastKnownFileType = image.png; path = "loading17@2x.png"; sourceTree = "<group>"; };
		C8C8AB751DB4687100DE6C32 /* loading17@3x.png */ = {isa = PBXFileReference; lastKnownFileType = image.png; path = "loading17@3x.png"; sourceTree = "<group>"; };
		C8C8AB761DB4687100DE6C32 /* loading18@2x.png */ = {isa = PBXFileReference; lastKnownFileType = image.png; path = "loading18@2x.png"; sourceTree = "<group>"; };
		C8C8AB771DB4687100DE6C32 /* loading18@3x.png */ = {isa = PBXFileReference; lastKnownFileType = image.png; path = "loading18@3x.png"; sourceTree = "<group>"; };
		C8C8AB781DB4687100DE6C32 /* loading19@2x.png */ = {isa = PBXFileReference; lastKnownFileType = image.png; path = "loading19@2x.png"; sourceTree = "<group>"; };
		C8C8AB791DB4687100DE6C32 /* loading19@3x.png */ = {isa = PBXFileReference; lastKnownFileType = image.png; path = "loading19@3x.png"; sourceTree = "<group>"; };
		C8C8AB7A1DB4687100DE6C32 /* loading1@2x.png */ = {isa = PBXFileReference; lastKnownFileType = image.png; path = "loading1@2x.png"; sourceTree = "<group>"; };
		C8C8AB7B1DB4687100DE6C32 /* loading1@3x.png */ = {isa = PBXFileReference; lastKnownFileType = image.png; path = "loading1@3x.png"; sourceTree = "<group>"; };
		C8C8AB7C1DB4687100DE6C32 /* loading20@2x.png */ = {isa = PBXFileReference; lastKnownFileType = image.png; path = "loading20@2x.png"; sourceTree = "<group>"; };
		C8C8AB7D1DB4687100DE6C32 /* loading20@3x.png */ = {isa = PBXFileReference; lastKnownFileType = image.png; path = "loading20@3x.png"; sourceTree = "<group>"; };
		C8C8AB7E1DB4687100DE6C32 /* loading21@2x.png */ = {isa = PBXFileReference; lastKnownFileType = image.png; path = "loading21@2x.png"; sourceTree = "<group>"; };
		C8C8AB7F1DB4687100DE6C32 /* loading21@3x.png */ = {isa = PBXFileReference; lastKnownFileType = image.png; path = "loading21@3x.png"; sourceTree = "<group>"; };
		C8C8AB801DB4687100DE6C32 /* loading22@2x.png */ = {isa = PBXFileReference; lastKnownFileType = image.png; path = "loading22@2x.png"; sourceTree = "<group>"; };
		C8C8AB811DB4687100DE6C32 /* loading22@3x.png */ = {isa = PBXFileReference; lastKnownFileType = image.png; path = "loading22@3x.png"; sourceTree = "<group>"; };
		C8C8AB821DB4687100DE6C32 /* loading2@2x.png */ = {isa = PBXFileReference; lastKnownFileType = image.png; path = "loading2@2x.png"; sourceTree = "<group>"; };
		C8C8AB831DB4687100DE6C32 /* loading2@3x.png */ = {isa = PBXFileReference; lastKnownFileType = image.png; path = "loading2@3x.png"; sourceTree = "<group>"; };
		C8C8AB841DB4687100DE6C32 /* loading3@2x.png */ = {isa = PBXFileReference; lastKnownFileType = image.png; path = "loading3@2x.png"; sourceTree = "<group>"; };
		C8C8AB851DB4687100DE6C32 /* loading3@3x.png */ = {isa = PBXFileReference; lastKnownFileType = image.png; path = "loading3@3x.png"; sourceTree = "<group>"; };
		C8C8AB861DB4687100DE6C32 /* loading4@2x.png */ = {isa = PBXFileReference; lastKnownFileType = image.png; path = "loading4@2x.png"; sourceTree = "<group>"; };
		C8C8AB871DB4687100DE6C32 /* loading4@3x.png */ = {isa = PBXFileReference; lastKnownFileType = image.png; path = "loading4@3x.png"; sourceTree = "<group>"; };
		C8C8AB881DB4687100DE6C32 /* loading5@2x.png */ = {isa = PBXFileReference; lastKnownFileType = image.png; path = "loading5@2x.png"; sourceTree = "<group>"; };
		C8C8AB891DB4687100DE6C32 /* loading5@3x.png */ = {isa = PBXFileReference; lastKnownFileType = image.png; path = "loading5@3x.png"; sourceTree = "<group>"; };
		C8C8AB8A1DB4687100DE6C32 /* loading6@2x.png */ = {isa = PBXFileReference; lastKnownFileType = image.png; path = "loading6@2x.png"; sourceTree = "<group>"; };
		C8C8AB8B1DB4687100DE6C32 /* loading6@3x.png */ = {isa = PBXFileReference; lastKnownFileType = image.png; path = "loading6@3x.png"; sourceTree = "<group>"; };
		C8C8AB8C1DB4687100DE6C32 /* loading7@2x.png */ = {isa = PBXFileReference; lastKnownFileType = image.png; path = "loading7@2x.png"; sourceTree = "<group>"; };
		C8C8AB8D1DB4687100DE6C32 /* loading7@3x.png */ = {isa = PBXFileReference; lastKnownFileType = image.png; path = "loading7@3x.png"; sourceTree = "<group>"; };
		C8C8AB8E1DB4687100DE6C32 /* loading8@2x.png */ = {isa = PBXFileReference; lastKnownFileType = image.png; path = "loading8@2x.png"; sourceTree = "<group>"; };
		C8C8AB8F1DB4687100DE6C32 /* loading8@3x.png */ = {isa = PBXFileReference; lastKnownFileType = image.png; path = "loading8@3x.png"; sourceTree = "<group>"; };
		C8C8AB901DB4687100DE6C32 /* loading9@2x.png */ = {isa = PBXFileReference; lastKnownFileType = image.png; path = "loading9@2x.png"; sourceTree = "<group>"; };
		C8C8AB911DB4687100DE6C32 /* loading9@3x.png */ = {isa = PBXFileReference; lastKnownFileType = image.png; path = "loading9@3x.png"; sourceTree = "<group>"; };
		C8C8AB921DB4687100DE6C32 /* NSObject+Formula.h */ = {isa = PBXFileReference; fileEncoding = 4; lastKnownFileType = sourcecode.c.h; path = "NSObject+Formula.h"; sourceTree = "<group>"; };
		C8C8AB931DB4687100DE6C32 /* NSObject+Formula.m */ = {isa = PBXFileReference; fileEncoding = 4; lastKnownFileType = sourcecode.c.objc; path = "NSObject+Formula.m"; sourceTree = "<group>"; };
		C8C8AB941DB4687100DE6C32 /* UIImage+loadImage.h */ = {isa = PBXFileReference; fileEncoding = 4; lastKnownFileType = sourcecode.c.h; path = "UIImage+loadImage.h"; sourceTree = "<group>"; };
		C8C8AB951DB4687100DE6C32 /* UIImage+loadImage.m */ = {isa = PBXFileReference; fileEncoding = 4; lastKnownFileType = sourcecode.c.objc; path = "UIImage+loadImage.m"; sourceTree = "<group>"; };
		C8C8ABC71DB4689D00DE6C32 /* RefreshViewController.h */ = {isa = PBXFileReference; fileEncoding = 4; lastKnownFileType = sourcecode.c.h; path = RefreshViewController.h; sourceTree = "<group>"; };
		C8C8ABC81DB4689D00DE6C32 /* RefreshViewController.m */ = {isa = PBXFileReference; fileEncoding = 4; lastKnownFileType = sourcecode.c.objc; path = RefreshViewController.m; sourceTree = "<group>"; };
		C8C8ABCB1DB475E800DE6C32 /* CoverFlowLayout.h */ = {isa = PBXFileReference; fileEncoding = 4; lastKnownFileType = sourcecode.c.h; path = CoverFlowLayout.h; sourceTree = "<group>"; };
		C8C8ABCC1DB475E800DE6C32 /* CoverFlowLayout.m */ = {isa = PBXFileReference; fileEncoding = 4; lastKnownFileType = sourcecode.c.objc; path = CoverFlowLayout.m; sourceTree = "<group>"; };
		C8C8ABCD1DB475E800DE6C32 /* CoverFlowView.h */ = {isa = PBXFileReference; fileEncoding = 4; lastKnownFileType = sourcecode.c.h; path = CoverFlowView.h; sourceTree = "<group>"; };
		C8C8ABCE1DB475E800DE6C32 /* CoverFlowView.m */ = {isa = PBXFileReference; fileEncoding = 4; lastKnownFileType = sourcecode.c.objc; path = CoverFlowView.m; sourceTree = "<group>"; };
		C8C8ABCF1DB475E800DE6C32 /* CoverFlowViewCell.h */ = {isa = PBXFileReference; fileEncoding = 4; lastKnownFileType = sourcecode.c.h; path = CoverFlowViewCell.h; sourceTree = "<group>"; };
		C8C8ABD01DB475E800DE6C32 /* CoverFlowViewCell.m */ = {isa = PBXFileReference; fileEncoding = 4; lastKnownFileType = sourcecode.c.objc; path = CoverFlowViewCell.m; sourceTree = "<group>"; };
		C8C8ABD11DB475E800DE6C32 /* CoverFlowViewCell.xib */ = {isa = PBXFileReference; fileEncoding = 4; lastKnownFileType = file.xib; path = CoverFlowViewCell.xib; sourceTree = "<group>"; };
		C8C8ABD61DB4766100DE6C32 /* CommentCoverflowViewController.h */ = {isa = PBXFileReference; fileEncoding = 4; lastKnownFileType = sourcecode.c.h; path = CommentCoverflowViewController.h; sourceTree = "<group>"; };
		C8C8ABD71DB4766100DE6C32 /* CommentCoverflowViewController.m */ = {isa = PBXFileReference; fileEncoding = 4; lastKnownFileType = sourcecode.c.objc; path = CommentCoverflowViewController.m; sourceTree = "<group>"; };
		C8C8ABDB1DB4787500DE6C32 /* ARBannerView.h */ = {isa = PBXFileReference; fileEncoding = 4; lastKnownFileType = sourcecode.c.h; path = ARBannerView.h; sourceTree = "<group>"; };
		C8C8ABDC1DB4787500DE6C32 /* ARBannerView.m */ = {isa = PBXFileReference; fileEncoding = 4; lastKnownFileType = sourcecode.c.objc; path = ARBannerView.m; sourceTree = "<group>"; };
		C8C8ABDE1DB4787500DE6C32 /* bannerPic01.jpg */ = {isa = PBXFileReference; lastKnownFileType = image.jpeg; path = bannerPic01.jpg; sourceTree = "<group>"; };
		C8C8ABDF1DB4787500DE6C32 /* bannerPic02.jpg */ = {isa = PBXFileReference; lastKnownFileType = image.jpeg; path = bannerPic02.jpg; sourceTree = "<group>"; };
		C8C8ABE01DB4787500DE6C32 /* bannerPic03.jpg */ = {isa = PBXFileReference; lastKnownFileType = image.jpeg; path = bannerPic03.jpg; sourceTree = "<group>"; };
		C8C8ABE11DB4787500DE6C32 /* bannerPic04.jpg */ = {isa = PBXFileReference; lastKnownFileType = image.jpeg; path = bannerPic04.jpg; sourceTree = "<group>"; };
		C8C8ABE21DB4787500DE6C32 /* bannerPic05.jpg */ = {isa = PBXFileReference; lastKnownFileType = image.jpeg; path = bannerPic05.jpg; sourceTree = "<group>"; };
		C8C8ABE91DB4789500DE6C32 /* BannerViewController.h */ = {isa = PBXFileReference; fileEncoding = 4; lastKnownFileType = sourcecode.c.h; path = BannerViewController.h; sourceTree = "<group>"; };
		C8C8ABEA1DB4789500DE6C32 /* BannerViewController.m */ = {isa = PBXFileReference; fileEncoding = 4; lastKnownFileType = sourcecode.c.objc; path = BannerViewController.m; sourceTree = "<group>"; };
		F00103EBEFFEB57B8765FB82 /* libPods-Demo.a */ = {isa = PBXFileReference; explicitFileType = archive.ar; includeInIndex = 0; path = "libPods-Demo.a"; sourceTree = BUILT_PRODUCTS_DIR; };
		FCEFE8DD3E4907A44A32FCBE /* Pods-Demo.debug.xcconfig */ = {isa = PBXFileReference; includeInIndex = 1; lastKnownFileType = text.xcconfig; name = "Pods-Demo.debug.xcconfig"; path = "Pods/Target Support Files/Pods-Demo/Pods-Demo.debug.xcconfig"; sourceTree = "<group>"; };
/* End PBXFileReference section */

/* Begin PBXFrameworksBuildPhase section */
		C8C8AB311DB3BDDC00DE6C32 /* Frameworks */ = {
			isa = PBXFrameworksBuildPhase;
			buildActionMask = 2147483647;
			files = (
				2D4DCAB7778749DC68CEEDD8 /* libPods-Demo.a in Frameworks */,
			);
			runOnlyForDeploymentPostprocessing = 0;
		};
/* End PBXFrameworksBuildPhase section */

/* Begin PBXGroup section */
		32BD8D0F66FB712A98F4835E /* Pods */ = {
			isa = PBXGroup;
			children = (
				FCEFE8DD3E4907A44A32FCBE /* Pods-Demo.debug.xcconfig */,
				A1F97FE35DD0DAE271635D2B /* Pods-Demo.release.xcconfig */,
			);
			name = Pods;
			sourceTree = "<group>";
		};
		415A333E2AC361449A1C51FE /* Frameworks */ = {
			isa = PBXGroup;
			children = (
				F00103EBEFFEB57B8765FB82 /* libPods-Demo.a */,
			);
			name = Frameworks;
			sourceTree = "<group>";
		};
		C8C8AB2B1DB3BDDC00DE6C32 = {
			isa = PBXGroup;
			children = (
				C8C8AB361DB3BDDC00DE6C32 /* Demo */,
				C8C8AB351DB3BDDC00DE6C32 /* Products */,
				32BD8D0F66FB712A98F4835E /* Pods */,
				415A333E2AC361449A1C51FE /* Frameworks */,
			);
			sourceTree = "<group>";
		};
		C8C8AB351DB3BDDC00DE6C32 /* Products */ = {
			isa = PBXGroup;
			children = (
				C8C8AB341DB3BDDC00DE6C32 /* Demo.app */,
			);
			name = Products;
			sourceTree = "<group>";
		};
		C8C8AB361DB3BDDC00DE6C32 /* Demo */ = {
			isa = PBXGroup;
			children = (
				C8C8ABD91DB4787500DE6C32 /* 无限轮播器 */,
				C8C8ABCA1DB475E800DE6C32 /* Coverflow评论界面 */,
				C8C8AB5F1DB4687000DE6C32 /* 下拉刷新 */,
				C8C8AB501DB3C00000DE6C32 /* 语音识别 */,
				C8C8AB3A1DB3BDDC00DE6C32 /* AppDelegate.h */,
				C8C8AB3B1DB3BDDC00DE6C32 /* AppDelegate.m */,
				C8C8AB3D1DB3BDDC00DE6C32 /* ViewController.h */,
				C8C8AB3E1DB3BDDC00DE6C32 /* ViewController.m */,
				C8C8AB561DB3C0DB00DE6C32 /* UIView+Inspectable.h */,
				C8C8AB571DB3C0DB00DE6C32 /* UIView+Inspectable.m */,
				C8C8AB401DB3BDDC00DE6C32 /* Main.storyboard */,
				C8C8AB431DB3BDDC00DE6C32 /* Assets.xcassets */,
				C8C8AB451DB3BDDC00DE6C32 /* LaunchScreen.storyboard */,
				C8C8AB481DB3BDDC00DE6C32 /* Info.plist */,
				C8C8AB371DB3BDDC00DE6C32 /* Supporting Files */,
				C8C8AB4E1DB3BE0200DE6C32 /* HomeData.plist */,
			);
			path = Demo;
			sourceTree = "<group>";
		};
		C8C8AB371DB3BDDC00DE6C32 /* Supporting Files */ = {
			isa = PBXGroup;
			children = (
				C8C8AB381DB3BDDC00DE6C32 /* main.m */,
			);
			name = "Supporting Files";
			sourceTree = "<group>";
		};
		C8C8AB501DB3C00000DE6C32 /* 语音识别 */ = {
			isa = PBXGroup;
			children = (
				C8C8AB511DB3C03700DE6C32 /* SpeechRecognitionController.h */,
				C8C8AB521DB3C03700DE6C32 /* SpeechRecognitionController.m */,
				C8C8AB531DB3C03700DE6C32 /* SpeechRecognitionController.xib */,
				C8C8AB591DB3D6CB00DE6C32 /* VoiceRecordView.h */,
				C8C8AB5A1DB3D6CB00DE6C32 /* VoiceRecordView.m */,
				C8C8AB5C1DB45EEE00DE6C32 /* AudioTool.h */,
				C8C8AB5D1DB45EEE00DE6C32 /* AudioTool.m */,
			);
			path = "语音识别";
			sourceTree = "<group>";
		};
		C8C8AB5F1DB4687000DE6C32 /* 下拉刷新 */ = {
			isa = PBXGroup;
			children = (
				C8C8AB601DB4687000DE6C32 /* Refresh */,
				C8C8ABC71DB4689D00DE6C32 /* RefreshViewController.h */,
				C8C8ABC81DB4689D00DE6C32 /* RefreshViewController.m */,
			);
			path = "下拉刷新";
			sourceTree = "<group>";
		};
		C8C8AB601DB4687000DE6C32 /* Refresh */ = {
			isa = PBXGroup;
			children = (
				C8C8AB611DB4687000DE6C32 /* ARRefreshControl.h */,
				C8C8AB621DB4687000DE6C32 /* ARRefreshControl.m */,
				C8C8AB631DB4687000DE6C32 /* loadimage */,
				C8C8AB921DB4687100DE6C32 /* NSObject+Formula.h */,
				C8C8AB931DB4687100DE6C32 /* NSObject+Formula.m */,
				C8C8AB941DB4687100DE6C32 /* UIImage+loadImage.h */,
				C8C8AB951DB4687100DE6C32 /* UIImage+loadImage.m */,
			);
			path = Refresh;
			sourceTree = "<group>";
		};
		C8C8AB631DB4687000DE6C32 /* loadimage */ = {
			isa = PBXGroup;
			children = (
				C8C8AB641DB4687000DE6C32 /* loading0@2x.png */,
				C8C8AB651DB4687000DE6C32 /* loading0@3x.png */,
				C8C8AB661DB4687000DE6C32 /* loading10@2x.png */,
				C8C8AB671DB4687000DE6C32 /* loading10@3x.png */,
				C8C8AB681DB4687000DE6C32 /* loading11@2x.png */,
				C8C8AB691DB4687000DE6C32 /* loading11@3x.png */,
				C8C8AB6A1DB4687000DE6C32 /* loading12@2x.png */,
				C8C8AB6B1DB4687000DE6C32 /* loading12@3x.png */,
				C8C8AB6C1DB4687000DE6C32 /* loading13@2x.png */,
				C8C8AB6D1DB4687000DE6C32 /* loading13@3x.png */,
				C8C8AB6E1DB4687000DE6C32 /* loading14@2x.png */,
				C8C8AB6F1DB4687000DE6C32 /* loading14@3x.png */,
				C8C8AB701DB4687000DE6C32 /* loading15@2x.png */,
				C8C8AB711DB4687000DE6C32 /* loading15@3x.png */,
				C8C8AB721DB4687000DE6C32 /* loading16@2x.png */,
				C8C8AB731DB4687100DE6C32 /* loading16@3x.png */,
				C8C8AB741DB4687100DE6C32 /* loading17@2x.png */,
				C8C8AB751DB4687100DE6C32 /* loading17@3x.png */,
				C8C8AB761DB4687100DE6C32 /* loading18@2x.png */,
				C8C8AB771DB4687100DE6C32 /* loading18@3x.png */,
				C8C8AB781DB4687100DE6C32 /* loading19@2x.png */,
				C8C8AB791DB4687100DE6C32 /* loading19@3x.png */,
				C8C8AB7A1DB4687100DE6C32 /* loading1@2x.png */,
				C8C8AB7B1DB4687100DE6C32 /* loading1@3x.png */,
				C8C8AB7C1DB4687100DE6C32 /* loading20@2x.png */,
				C8C8AB7D1DB4687100DE6C32 /* loading20@3x.png */,
				C8C8AB7E1DB4687100DE6C32 /* loading21@2x.png */,
				C8C8AB7F1DB4687100DE6C32 /* loading21@3x.png */,
				C8C8AB801DB4687100DE6C32 /* loading22@2x.png */,
				C8C8AB811DB4687100DE6C32 /* loading22@3x.png */,
				C8C8AB821DB4687100DE6C32 /* loading2@2x.png */,
				C8C8AB831DB4687100DE6C32 /* loading2@3x.png */,
				C8C8AB841DB4687100DE6C32 /* loading3@2x.png */,
				C8C8AB851DB4687100DE6C32 /* loading3@3x.png */,
				C8C8AB861DB4687100DE6C32 /* loading4@2x.png */,
				C8C8AB871DB4687100DE6C32 /* loading4@3x.png */,
				C8C8AB881DB4687100DE6C32 /* loading5@2x.png */,
				C8C8AB891DB4687100DE6C32 /* loading5@3x.png */,
				C8C8AB8A1DB4687100DE6C32 /* loading6@2x.png */,
				C8C8AB8B1DB4687100DE6C32 /* loading6@3x.png */,
				C8C8AB8C1DB4687100DE6C32 /* loading7@2x.png */,
				C8C8AB8D1DB4687100DE6C32 /* loading7@3x.png */,
				C8C8AB8E1DB4687100DE6C32 /* loading8@2x.png */,
				C8C8AB8F1DB4687100DE6C32 /* loading8@3x.png */,
				C8C8AB901DB4687100DE6C32 /* loading9@2x.png */,
				C8C8AB911DB4687100DE6C32 /* loading9@3x.png */,
			);
			path = loadimage;
			sourceTree = "<group>";
		};
		C8C8ABCA1DB475E800DE6C32 /* Coverflow评论界面 */ = {
			isa = PBXGroup;
			children = (
				C8C8ABCB1DB475E800DE6C32 /* CoverFlowLayout.h */,
				C8C8ABCC1DB475E800DE6C32 /* CoverFlowLayout.m */,
				C8C8ABCD1DB475E800DE6C32 /* CoverFlowView.h */,
				C8C8ABCE1DB475E800DE6C32 /* CoverFlowView.m */,
				C8C8ABCF1DB475E800DE6C32 /* CoverFlowViewCell.h */,
				C8C8ABD01DB475E800DE6C32 /* CoverFlowViewCell.m */,
				C8C8ABD11DB475E800DE6C32 /* CoverFlowViewCell.xib */,
				C8C8ABD61DB4766100DE6C32 /* CommentCoverflowViewController.h */,
				C8C8ABD71DB4766100DE6C32 /* CommentCoverflowViewController.m */,
			);
			path = "Coverflow评论界面";
			sourceTree = "<group>";
		};
		C8C8ABD91DB4787500DE6C32 /* 无限轮播器 */ = {
			isa = PBXGroup;
			children = (
				C8C8ABDA1DB4787500DE6C32 /* BannerView */,
				C8C8ABDD1DB4787500DE6C32 /* Images */,
				C8C8ABE91DB4789500DE6C32 /* BannerViewController.h */,
				C8C8ABEA1DB4789500DE6C32 /* BannerViewController.m */,
			);
			path = "无限轮播器";
			sourceTree = "<group>";
		};
		C8C8ABDA1DB4787500DE6C32 /* BannerView */ = {
			isa = PBXGroup;
			children = (
				C8C8ABDB1DB4787500DE6C32 /* ARBannerView.h */,
				C8C8ABDC1DB4787500DE6C32 /* ARBannerView.m */,
			);
			path = BannerView;
			sourceTree = "<group>";
		};
		C8C8ABDD1DB4787500DE6C32 /* Images */ = {
			isa = PBXGroup;
			children = (
				C8C8ABDE1DB4787500DE6C32 /* bannerPic01.jpg */,
				C8C8ABDF1DB4787500DE6C32 /* bannerPic02.jpg */,
				C8C8ABE01DB4787500DE6C32 /* bannerPic03.jpg */,
				C8C8ABE11DB4787500DE6C32 /* bannerPic04.jpg */,
				C8C8ABE21DB4787500DE6C32 /* bannerPic05.jpg */,
			);
			path = Images;
			sourceTree = "<group>";
		};
/* End PBXGroup section */

/* Begin PBXNativeTarget section */
		C8C8AB331DB3BDDC00DE6C32 /* Demo */ = {
			isa = PBXNativeTarget;
			buildConfigurationList = C8C8AB4B1DB3BDDC00DE6C32 /* Build configuration list for PBXNativeTarget "Demo" */;
			buildPhases = (
				910F2F5EE0BCF889EB20F174 /* [CP] Check Pods Manifest.lock */,
				C8C8AB301DB3BDDC00DE6C32 /* Sources */,
				C8C8AB311DB3BDDC00DE6C32 /* Frameworks */,
				C8C8AB321DB3BDDC00DE6C32 /* Resources */,
				67B6A08B0AB8AE6D3B22CAFB /* [CP] Embed Pods Frameworks */,
				23F621247510A86CAB05D1EC /* [CP] Copy Pods Resources */,
			);
			buildRules = (
			);
			dependencies = (
			);
			name = Demo;
			productName = Demo;
			productReference = C8C8AB341DB3BDDC00DE6C32 /* Demo.app */;
			productType = "com.apple.product-type.application";
		};
/* End PBXNativeTarget section */

/* Begin PBXProject section */
		C8C8AB2C1DB3BDDC00DE6C32 /* Project object */ = {
			isa = PBXProject;
			attributes = {
				LastUpgradeCheck = 0800;
				ORGANIZATIONNAME = com.Ari;
				TargetAttributes = {
					C8C8AB331DB3BDDC00DE6C32 = {
						CreatedOnToolsVersion = 8.0;
						DevelopmentTeam = 55EMPZWFA4;
						ProvisioningStyle = Automatic;
					};
				};
			};
			buildConfigurationList = C8C8AB2F1DB3BDDC00DE6C32 /* Build configuration list for PBXProject "Demo" */;
			compatibilityVersion = "Xcode 3.2";
			developmentRegion = English;
			hasScannedForEncodings = 0;
			knownRegions = (
				en,
				Base,
			);
			mainGroup = C8C8AB2B1DB3BDDC00DE6C32;
			productRefGroup = C8C8AB351DB3BDDC00DE6C32 /* Products */;
			projectDirPath = "";
			projectRoot = "";
			targets = (
				C8C8AB331DB3BDDC00DE6C32 /* Demo */,
			);
		};
/* End PBXProject section */

/* Begin PBXResourcesBuildPhase section */
		C8C8AB321DB3BDDC00DE6C32 /* Resources */ = {
			isa = PBXResourcesBuildPhase;
			buildActionMask = 2147483647;
			files = (
				C8C8ABBC1DB4687100DE6C32 /* loading5@3x.png in Resources */,
				C8C8ABA11DB4687100DE6C32 /* loading14@2x.png in Resources */,
				C8C8ABC11DB4687100DE6C32 /* loading8@2x.png in Resources */,
				C8C8ABA71DB4687100DE6C32 /* loading17@2x.png in Resources */,
				C8C8ABD51DB475E800DE6C32 /* CoverFlowViewCell.xib in Resources */,
				C8C8ABB41DB4687100DE6C32 /* loading22@3x.png in Resources */,
				C8C8ABB81DB4687100DE6C32 /* loading3@3x.png in Resources */,
				C8C8ABA81DB4687100DE6C32 /* loading17@3x.png in Resources */,
				C8C8ABE61DB4787500DE6C32 /* bannerPic03.jpg in Resources */,
				C8C8ABAB1DB4687100DE6C32 /* loading19@2x.png in Resources */,
				C8C8AB971DB4687100DE6C32 /* loading0@2x.png in Resources */,
				C8C8ABAA1DB4687100DE6C32 /* loading18@3x.png in Resources */,
				C8C8ABB71DB4687100DE6C32 /* loading3@2x.png in Resources */,
				C8C8ABAE1DB4687100DE6C32 /* loading1@3x.png in Resources */,
				C8C8ABB51DB4687100DE6C32 /* loading2@2x.png in Resources */,
				C8C8ABBB1DB4687100DE6C32 /* loading5@2x.png in Resources */,
				C8C8ABA51DB4687100DE6C32 /* loading16@2x.png in Resources */,
				C8C8ABE51DB4787500DE6C32 /* bannerPic02.jpg in Resources */,
				C8C8AB9F1DB4687100DE6C32 /* loading13@2x.png in Resources */,
				C8C8AB551DB3C03700DE6C32 /* SpeechRecognitionController.xib in Resources */,
				C8C8AB9D1DB4687100DE6C32 /* loading12@2x.png in Resources */,
				C8C8ABA01DB4687100DE6C32 /* loading13@3x.png in Resources */,
				C8C8ABAD1DB4687100DE6C32 /* loading1@2x.png in Resources */,
				C8C8ABA61DB4687100DE6C32 /* loading16@3x.png in Resources */,
				C8C8ABB11DB4687100DE6C32 /* loading21@2x.png in Resources */,
				C8C8AB471DB3BDDC00DE6C32 /* LaunchScreen.storyboard in Resources */,
				C8C8ABAF1DB4687100DE6C32 /* loading20@2x.png in Resources */,
				C8C8ABAC1DB4687100DE6C32 /* loading19@3x.png in Resources */,
				C8C8ABE71DB4787500DE6C32 /* bannerPic04.jpg in Resources */,
				C8C8ABBE1DB4687100DE6C32 /* loading6@3x.png in Resources */,
				C8C8ABBA1DB4687100DE6C32 /* loading4@3x.png in Resources */,
				C8C8AB9E1DB4687100DE6C32 /* loading12@3x.png in Resources */,
				C8C8ABE41DB4787500DE6C32 /* bannerPic01.jpg in Resources */,
				C8C8ABB31DB4687100DE6C32 /* loading22@2x.png in Resources */,
				C8C8ABB61DB4687100DE6C32 /* loading2@3x.png in Resources */,
				C8C8AB981DB4687100DE6C32 /* loading0@3x.png in Resources */,
				C8C8AB9A1DB4687100DE6C32 /* loading10@3x.png in Resources */,
				C8C8ABB01DB4687100DE6C32 /* loading20@3x.png in Resources */,
				C8C8ABC41DB4687100DE6C32 /* loading9@3x.png in Resources */,
				C8C8AB9C1DB4687100DE6C32 /* loading11@3x.png in Resources */,
				C8C8ABE81DB4787500DE6C32 /* bannerPic05.jpg in Resources */,
				C8C8ABB21DB4687100DE6C32 /* loading21@3x.png in Resources */,
				C8C8ABC31DB4687100DE6C32 /* loading9@2x.png in Resources */,
				C8C8ABB91DB4687100DE6C32 /* loading4@2x.png in Resources */,
				C8C8ABBF1DB4687100DE6C32 /* loading7@2x.png in Resources */,
				C8C8AB991DB4687100DE6C32 /* loading10@2x.png in Resources */,
				C8C8ABC21DB4687100DE6C32 /* loading8@3x.png in Resources */,
				C8C8ABA41DB4687100DE6C32 /* loading15@3x.png in Resources */,
				C8C8AB441DB3BDDC00DE6C32 /* Assets.xcassets in Resources */,
				C8C8AB9B1DB4687100DE6C32 /* loading11@2x.png in Resources */,
				C8C8AB421DB3BDDC00DE6C32 /* Main.storyboard in Resources */,
				C8C8ABA91DB4687100DE6C32 /* loading18@2x.png in Resources */,
				C8C8ABC01DB4687100DE6C32 /* loading7@3x.png in Resources */,
				C8C8ABBD1DB4687100DE6C32 /* loading6@2x.png in Resources */,
				C8C8ABA21DB4687100DE6C32 /* loading14@3x.png in Resources */,
				C8C8AB4F1DB3BE0200DE6C32 /* HomeData.plist in Resources */,
				C8C8ABA31DB4687100DE6C32 /* loading15@2x.png in Resources */,
			);
			runOnlyForDeploymentPostprocessing = 0;
		};
/* End PBXResourcesBuildPhase section */

/* Begin PBXShellScriptBuildPhase section */
		23F621247510A86CAB05D1EC /* [CP] Copy Pods Resources */ = {
			isa = PBXShellScriptBuildPhase;
			buildActionMask = 2147483647;
			files = (
			);
			inputPaths = (
			);
			name = "[CP] Copy Pods Resources";
			outputPaths = (
			);
			runOnlyForDeploymentPostprocessing = 0;
			shellPath = /bin/sh;
			shellScript = "\"${SRCROOT}/Pods/Target Support Files/Pods-Demo/Pods-Demo-resources.sh\"\n";
			showEnvVarsInLog = 0;
		};
		67B6A08B0AB8AE6D3B22CAFB /* [CP] Embed Pods Frameworks */ = {
			isa = PBXShellScriptBuildPhase;
			buildActionMask = 2147483647;
			files = (
			);
			inputPaths = (
			);
			name = "[CP] Embed Pods Frameworks";
			outputPaths = (
			);
			runOnlyForDeploymentPostprocessing = 0;
			shellPath = /bin/sh;
			shellScript = "\"${SRCROOT}/Pods/Target Support Files/Pods-Demo/Pods-Demo-frameworks.sh\"\n";
			showEnvVarsInLog = 0;
		};
		910F2F5EE0BCF889EB20F174 /* [CP] Check Pods Manifest.lock */ = {
			isa = PBXShellScriptBuildPhase;
			buildActionMask = 2147483647;
			files = (
			);
			inputPaths = (
			);
			name = "[CP] Check Pods Manifest.lock";
			outputPaths = (
			);
			runOnlyForDeploymentPostprocessing = 0;
			shellPath = /bin/sh;
			shellScript = "diff \"${PODS_ROOT}/../Podfile.lock\" \"${PODS_ROOT}/Manifest.lock\" > /dev/null\nif [[ $? != 0 ]] ; then\n    cat << EOM\nerror: The sandbox is not in sync with the Podfile.lock. Run 'pod install' or update your CocoaPods installation.\nEOM\n    exit 1\nfi\n";
			showEnvVarsInLog = 0;
		};
/* End PBXShellScriptBuildPhase section */

/* Begin PBXSourcesBuildPhase section */
		C8C8AB301DB3BDDC00DE6C32 /* Sources */ = {
			isa = PBXSourcesBuildPhase;
			buildActionMask = 2147483647;
			files = (
				C8C8ABD41DB475E800DE6C32 /* CoverFlowViewCell.m in Sources */,
				C8C8ABD31DB475E800DE6C32 /* CoverFlowView.m in Sources */,
				C8C8AB961DB4687100DE6C32 /* ARRefreshControl.m in Sources */,
				C8C8ABC61DB4687100DE6C32 /* UIImage+loadImage.m in Sources */,
				C8C8ABEB1DB4789500DE6C32 /* BannerViewController.m in Sources */,
				C8C8AB3F1DB3BDDC00DE6C32 /* ViewController.m in Sources */,
				C8C8AB541DB3C03700DE6C32 /* SpeechRecognitionController.m in Sources */,
				C8C8AB3C1DB3BDDC00DE6C32 /* AppDelegate.m in Sources */,
				C8C8ABD21DB475E800DE6C32 /* CoverFlowLayout.m in Sources */,
				C8C8ABC51DB4687100DE6C32 /* NSObject+Formula.m in Sources */,
				C8C8AB581DB3C0DB00DE6C32 /* UIView+Inspectable.m in Sources */,
				C8C8AB5B1DB3D6CB00DE6C32 /* VoiceRecordView.m in Sources */,
				C8C8AB391DB3BDDC00DE6C32 /* main.m in Sources */,
				C8C8AB5E1DB45EEE00DE6C32 /* AudioTool.m in Sources */,
				C8C8ABE31DB4787500DE6C32 /* ARBannerView.m in Sources */,
				C8C8ABC91DB4689D00DE6C32 /* RefreshViewController.m in Sources */,
				C8C8ABD81DB4766100DE6C32 /* CommentCoverflowViewController.m in Sources */,
			);
			runOnlyForDeploymentPostprocessing = 0;
		};
/* End PBXSourcesBuildPhase section */

/* Begin PBXVariantGroup section */
		C8C8AB401DB3BDDC00DE6C32 /* Main.storyboard */ = {
			isa = PBXVariantGroup;
			children = (
				C8C8AB411DB3BDDC00DE6C32 /* Base */,
			);
			name = Main.storyboard;
			sourceTree = "<group>";
		};
		C8C8AB451DB3BDDC00DE6C32 /* LaunchScreen.storyboard */ = {
			isa = PBXVariantGroup;
			children = (
				C8C8AB461DB3BDDC00DE6C32 /* Base */,
			);
			name = LaunchScreen.storyboard;
			sourceTree = "<group>";
		};
/* End PBXVariantGroup section */

/* Begin XCBuildConfiguration section */
		C8C8AB491DB3BDDC00DE6C32 /* Debug */ = {
			isa = XCBuildConfiguration;
			buildSettings = {
				ALWAYS_SEARCH_USER_PATHS = NO;
				CLANG_ANALYZER_NONNULL = YES;
				CLANG_CXX_LANGUAGE_STANDARD = "gnu++0x";
				CLANG_CXX_LIBRARY = "libc++";
				CLANG_ENABLE_MODULES = YES;
				CLANG_ENABLE_OBJC_ARC = YES;
				CLANG_WARN_BOOL_CONVERSION = YES;
				CLANG_WARN_CONSTANT_CONVERSION = YES;
				CLANG_WARN_DIRECT_OBJC_ISA_USAGE = YES_ERROR;
				CLANG_WARN_DOCUMENTATION_COMMENTS = YES;
				CLANG_WARN_EMPTY_BODY = YES;
				CLANG_WARN_ENUM_CONVERSION = YES;
				CLANG_WARN_INFINITE_RECURSION = YES;
				CLANG_WARN_INT_CONVERSION = YES;
				CLANG_WARN_OBJC_ROOT_CLASS = YES_ERROR;
				CLANG_WARN_SUSPICIOUS_MOVES = YES;
				CLANG_WARN_UNREACHABLE_CODE = YES;
				CLANG_WARN__DUPLICATE_METHOD_MATCH = YES;
				"CODE_SIGN_IDENTITY[sdk=iphoneos*]" = "iPhone Developer";
				COPY_PHASE_STRIP = NO;
				DEBUG_INFORMATION_FORMAT = dwarf;
				ENABLE_STRICT_OBJC_MSGSEND = YES;
				ENABLE_TESTABILITY = YES;
				GCC_C_LANGUAGE_STANDARD = gnu99;
				GCC_DYNAMIC_NO_PIC = NO;
				GCC_NO_COMMON_BLOCKS = YES;
				GCC_OPTIMIZATION_LEVEL = 0;
				GCC_PREPROCESSOR_DEFINITIONS = (
					"DEBUG=1",
					"$(inherited)",
				);
				GCC_WARN_64_TO_32_BIT_CONVERSION = YES;
				GCC_WARN_ABOUT_RETURN_TYPE = YES_ERROR;
				GCC_WARN_UNDECLARED_SELECTOR = YES;
				GCC_WARN_UNINITIALIZED_AUTOS = YES_AGGRESSIVE;
				GCC_WARN_UNUSED_FUNCTION = YES;
				GCC_WARN_UNUSED_VARIABLE = YES;
				IPHONEOS_DEPLOYMENT_TARGET = 10.0;
				MTL_ENABLE_DEBUG_INFO = YES;
				ONLY_ACTIVE_ARCH = YES;
				SDKROOT = iphoneos;
			};
			name = Debug;
		};
		C8C8AB4A1DB3BDDC00DE6C32 /* Release */ = {
			isa = XCBuildConfiguration;
			buildSettings = {
				ALWAYS_SEARCH_USER_PATHS = NO;
				CLANG_ANALYZER_NONNULL = YES;
				CLANG_CXX_LANGUAGE_STANDARD = "gnu++0x";
				CLANG_CXX_LIBRARY = "libc++";
				CLANG_ENABLE_MODULES = YES;
				CLANG_ENABLE_OBJC_ARC = YES;
				CLANG_WARN_BOOL_CONVERSION = YES;
				CLANG_WARN_CONSTANT_CONVERSION = YES;
				CLANG_WARN_DIRECT_OBJC_ISA_USAGE = YES_ERROR;
				CLANG_WARN_DOCUMENTATION_COMMENTS = YES;
				CLANG_WARN_EMPTY_BODY = YES;
				CLANG_WARN_ENUM_CONVERSION = YES;
				CLANG_WARN_INFINITE_RECURSION = YES;
				CLANG_WARN_INT_CONVERSION = YES;
				CLANG_WARN_OBJC_ROOT_CLASS = YES_ERROR;
				CLANG_WARN_SUSPICIOUS_MOVES = YES;
				CLANG_WARN_UNREACHABLE_CODE = YES;
				CLANG_WARN__DUPLICATE_METHOD_MATCH = YES;
				"CODE_SIGN_IDENTITY[sdk=iphoneos*]" = "iPhone Developer";
				COPY_PHASE_STRIP = NO;
				DEBUG_INFORMATION_FORMAT = "dwarf-with-dsym";
				ENABLE_NS_ASSERTIONS = NO;
				ENABLE_STRICT_OBJC_MSGSEND = YES;
				GCC_C_LANGUAGE_STANDARD = gnu99;
				GCC_NO_COMMON_BLOCKS = YES;
				GCC_WARN_64_TO_32_BIT_CONVERSION = YES;
				GCC_WARN_ABOUT_RETURN_TYPE = YES_ERROR;
				GCC_WARN_UNDECLARED_SELECTOR = YES;
				GCC_WARN_UNINITIALIZED_AUTOS = YES_AGGRESSIVE;
				GCC_WARN_UNUSED_FUNCTION = YES;
				GCC_WARN_UNUSED_VARIABLE = YES;
				IPHONEOS_DEPLOYMENT_TARGET = 10.0;
				MTL_ENABLE_DEBUG_INFO = NO;
				SDKROOT = iphoneos;
				VALIDATE_PRODUCT = YES;
			};
			name = Release;
		};
		C8C8AB4C1DB3BDDC00DE6C32 /* Debug */ = {
			isa = XCBuildConfiguration;
			baseConfigurationReference = FCEFE8DD3E4907A44A32FCBE /* Pods-Demo.debug.xcconfig */;
			buildSettings = {
				ASSETCATALOG_COMPILER_APPICON_NAME = AppIcon;
				DEVELOPMENT_TEAM = 55EMPZWFA4;
				INFOPLIST_FILE = Demo/Info.plist;
				LD_RUNPATH_SEARCH_PATHS = "$(inherited) @executable_path/Frameworks";
				PRODUCT_BUNDLE_IDENTIFIER = com.Ari.Demo;
				PRODUCT_NAME = "$(TARGET_NAME)";
			};
			name = Debug;
		};
		C8C8AB4D1DB3BDDC00DE6C32 /* Release */ = {
			isa = XCBuildConfiguration;
			baseConfigurationReference = A1F97FE35DD0DAE271635D2B /* Pods-Demo.release.xcconfig */;
			buildSettings = {
				ASSETCATALOG_COMPILER_APPICON_NAME = AppIcon;
				DEVELOPMENT_TEAM = 55EMPZWFA4;
				INFOPLIST_FILE = Demo/Info.plist;
				LD_RUNPATH_SEARCH_PATHS = "$(inherited) @executable_path/Frameworks";
				PRODUCT_BUNDLE_IDENTIFIER = com.Ari.Demo;
				PRODUCT_NAME = "$(TARGET_NAME)";
			};
			name = Release;
		};
/* End XCBuildConfiguration section */

/* Begin XCConfigurationList section */
		C8C8AB2F1DB3BDDC00DE6C32 /* Build configuration list for PBXProject "Demo" */ = {
			isa = XCConfigurationList;
			buildConfigurations = (
				C8C8AB491DB3BDDC00DE6C32 /* Debug */,
				C8C8AB4A1DB3BDDC00DE6C32 /* Release */,
			);
			defaultConfigurationIsVisible = 0;
			defaultConfigurationName = Release;
		};
		C8C8AB4B1DB3BDDC00DE6C32 /* Build configuration list for PBXNativeTarget "Demo" */ = {
			isa = XCConfigurationList;
			buildConfigurations = (
				C8C8AB4C1DB3BDDC00DE6C32 /* Debug */,
				C8C8AB4D1DB3BDDC00DE6C32 /* Release */,
			);
			defaultConfigurationIsVisible = 0;
			defaultConfigurationName = Release;
		};
/* End XCConfigurationList section */
	};
	rootObject = C8C8AB2C1DB3BDDC00DE6C32 /* Project object */;
}
