PODS:
  - Masonry (1.0.1)
  - ReactiveCocoa (2.1.8):
    - ReactiveCocoa/Core (= 2.1.8)
    - ReactiveCocoa/no-arc (= 2.1.8)
  - ReactiveCocoa/Core (2.1.8):
    - ReactiveCocoa/no-arc
  - ReactiveCocoa/no-arc (2.1.8)

DEPENDENCIES:
  - Masonry
  - ReactiveCocoa (~> 2.1.8)

SPEC CHECKSUMS:
  Masonry: a1a931a0d08870ed8ae415a2ea5ea68ebcac77df
  ReactiveCocoa: f89f2e009a87951b50321bf9feb958823fcc617e

PODFILE CHECKSUM: 6f337587b0715961d1bc14f28f769cec57080d31

COCOAPODS: 1.0.1
